
Microsoft Visual Studio Solution File, Format Version 12.00
# Visual Studio Version 17
VisualStudioVersion = 17.11.35327.3
MinimumVisualStudioVersion = 10.0.40219.1
Project("{FAE04EC0-301F-11D3-BF4B-00C04F79EFBC}") = "EjercicioInterfaces", "EjercicioInterfaces.csproj", "{F724FAD2-F053-4356-AB03-A231BF0D2BA0}"
EndProject
Global
	GlobalSection(SolutionConfigurationPlatforms) = preSolution
		Debug|Any CPU = Debug|Any CPU
		Release|Any CPU = Release|Any CPU
	EndGlobalSection
	GlobalSection(ProjectConfigurationPlatforms) = postSolution
		{F724FAD2-F053-4356-AB03-A231BF0D2BA0}.Debug|Any CPU.ActiveCfg = Debug|Any CPU
		{F724FAD2-F053-4356-AB03-A231BF0D2BA0}.Debug|Any CPU.Build.0 = Debug|Any CPU
		{F724FAD2-F053-4356-AB03-A231BF0D2BA0}.Release|Any CPU.ActiveCfg = Release|Any CPU
		{F724FAD2-F053-4356-AB03-A231BF0D2BA0}.Release|Any CPU.Build.0 = Release|Any CPU
	EndGlobalSection
	GlobalSection(SolutionProperties) = preSolution
		HideSolutionNode = FALSE
	EndGlobalSection
	GlobalSection(ExtensibilityGlobals) = postSolution
		SolutionGuid = {B4F12981-2744-48C5-B5B9-01135A01BEFE}
	EndGlobalSection
EndGlobal
